
Microsoft Visual Studio Solution File, Format Version 12.00
# Visual Studio Version 17
VisualStudioVersion = 17.9.34607.119
MinimumVisualStudioVersion = 10.0.40219.1
Project("{888888A0-9F3D-457C-B088-3A5042F75D52}") = "OOP_2", "OOP_2.pyproj", "{63512F4C-56E2-43DC-869C-A2D52B04186A}"
EndProject
Global
	GlobalSection(SolutionConfigurationPlatforms) = preSolution
		Debug|Any CPU = Debug|Any CPU
		Release|Any CPU = Release|Any CPU
	EndGlobalSection
	GlobalSection(ProjectConfigurationPlatforms) = postSolution
		{63512F4C-56E2-43DC-869C-A2D52B04186A}.Debug|Any CPU.ActiveCfg = Debug|Any CPU
		{63512F4C-56E2-43DC-869C-A2D52B04186A}.Release|Any CPU.ActiveCfg = Release|Any CPU
	EndGlobalSection
	GlobalSection(SolutionProperties) = preSolution
		HideSolutionNode = FALSE
	EndGlobalSection
	GlobalSection(ExtensibilityGlobals) = postSolution
		SolutionGuid = {5F9B02B1-3346-4F2D-8D40-180093B453F9}
	EndGlobalSection
EndGlobal
